
Microsoft Visual Studio Solution File, Format Version 12.00
Project("{2150E333-8FDC-42A3-9474-1A3956D46DE8}") = "src", "src", "{FC97608B-823E-4D7B-8831-5594D615EA6A}"
EndProject
Project("{FAE04EC0-301F-11D3-BF4B-00C04F79EFBC}") = "Hermes.Api", "src\Hermes.Api\Hermes.Api.csproj", "{E9710554-152A-43AB-8A50-BFACD854ACF0}"
EndProject
Project("{2150E333-8FDC-42A3-9474-1A3956D46DE8}") = "test", "test", "{BA46A348-08CD-405E-87C6-F5A7C41D2D3A}"
EndProject
Project("{FAE04EC0-301F-11D3-BF4B-00C04F79EFBC}") = "Hermes.Api.Tests", "test\Hermes.Api.Tests\Hermes.Api.Tests.csproj", "{502D9646-940D-4A2A-9C0A-4DCD6F2D74AD}"
EndProject
Global
	GlobalSection(SolutionConfigurationPlatforms) = preSolution
		Debug|Any CPU = Debug|Any CPU
		Release|Any CPU = Release|Any CPU
	EndGlobalSection
	GlobalSection(NestedProjects) = preSolution
		{E9710554-152A-43AB-8A50-BFACD854ACF0} = {FC97608B-823E-4D7B-8831-5594D615EA6A}
		{502D9646-940D-4A2A-9C0A-4DCD6F2D74AD} = {BA46A348-08CD-405E-87C6-F5A7C41D2D3A}
	EndGlobalSection
	GlobalSection(ProjectConfigurationPlatforms) = postSolution
		{E9710554-152A-43AB-8A50-BFACD854ACF0}.Debug|Any CPU.ActiveCfg = Debug|Any CPU
		{E9710554-152A-43AB-8A50-BFACD854ACF0}.Debug|Any CPU.Build.0 = Debug|Any CPU
		{E9710554-152A-43AB-8A50-BFACD854ACF0}.Release|Any CPU.ActiveCfg = Release|Any CPU
		{E9710554-152A-43AB-8A50-BFACD854ACF0}.Release|Any CPU.Build.0 = Release|Any CPU
		{502D9646-940D-4A2A-9C0A-4DCD6F2D74AD}.Debug|Any CPU.ActiveCfg = Debug|Any CPU
		{502D9646-940D-4A2A-9C0A-4DCD6F2D74AD}.Debug|Any CPU.Build.0 = Debug|Any CPU
		{502D9646-940D-4A2A-9C0A-4DCD6F2D74AD}.Release|Any CPU.ActiveCfg = Release|Any CPU
		{502D9646-940D-4A2A-9C0A-4DCD6F2D74AD}.Release|Any CPU.Build.0 = Release|Any CPU
	EndGlobalSection
EndGlobal
